Microsoft Visual Studio Solution File, Format Version 12.00
# Visual Studio Version 17
VisualStudioVersion = 17.5.2.0
MinimumVisualStudioVersion = 10.0.40219.1
Project("{2150E333-8FDC-42A3-9474-1A3956D46DE8}") = "dating-app-api", "dating-app-api", "{0A754114-E496-B176-829C-BF9F70E93EC2}"
EndProject
Project("{FAE04EC0-301F-11D3-BF4B-00C04F79EFBC}") = "DatingApp.Api", "dating-app-api\DatingApp.Api\DatingApp.Api.csproj", "{481EC973-FE66-FD3C-CAB3-58BBA1F318EF}"
EndProject
Global
	GlobalSection(SolutionConfigurationPlatforms) = preSolution
		Debug|Any CPU = Debug|Any CPU
		Release|Any CPU = Release|Any CPU
	EndGlobalSection
	GlobalSection(ProjectConfigurationPlatforms) = postSolution
		{481EC973-FE66-FD3C-CAB3-58BBA1F318EF}.Debug|Any CPU.ActiveCfg = Debug|Any CPU
		{481EC973-FE66-FD3C-CAB3-58BBA1F318EF}.Debug|Any CPU.Build.0 = Debug|Any CPU
		{481EC973-FE66-FD3C-CAB3-58BBA1F318EF}.Release|Any CPU.ActiveCfg = Release|Any CPU
		{481EC973-FE66-FD3C-CAB3-58BBA1F318EF}.Release|Any CPU.Build.0 = Release|Any CPU
	EndGlobalSection
	GlobalSection(SolutionProperties) = preSolution
		HideSolutionNode = FALSE
	EndGlobalSection
	GlobalSection(NestedProjects) = preSolution
		{481EC973-FE66-FD3C-CAB3-58BBA1F318EF} = {0A754114-E496-B176-829C-BF9F70E93EC2}
	EndGlobalSection
	GlobalSection(ExtensibilityGlobals) = postSolution
		SolutionGuid = {B93ABAFF-64B5-45EE-A04B-6777C5A0F890}
	EndGlobalSection
EndGlobal
